
Microsoft Visual Studio Solution File, Format Version 12.00
# Visual Studio 2012
Project("{FAE04EC0-301F-11D3-BF4B-00C04F79EFBC}") = "Quickstart.Web", "Quickstart.Web\Quickstart.Web.csproj", "{1C70FE4A-C01E-4B48-A75E-BB8B54BC8F46}"
EndProject
Project("{2150E333-8FDC-42A3-9474-1A3956D46DE8}") = ".nuget", ".nuget", "{7D1561A5-BE10-4225-ADD3-13EC8944DCE4}"
	ProjectSection(SolutionItems) = preProject
		.nuget\NuGet.Config = .nuget\NuGet.Config
		.nuget\NuGet.exe = .nuget\NuGet.exe
		.nuget\NuGet.targets = .nuget\NuGet.targets
	EndProjectSection
EndProject
Global
	GlobalSection(SolutionConfigurationPlatforms) = preSolution
		Debug|Any CPU = Debug|Any CPU
		Release|Any CPU = Release|Any CPU
	EndGlobalSection
	GlobalSection(ProjectConfigurationPlatforms) = postSolution
		{1C70FE4A-C01E-4B48-A75E-BB8B54BC8F46}.Debug|Any CPU.ActiveCfg = Debug|Any CPU
		{1C70FE4A-C01E-4B48-A75E-BB8B54BC8F46}.Debug|Any CPU.Build.0 = Debug|Any CPU
		{1C70FE4A-C01E-4B48-A75E-BB8B54BC8F46}.Release|Any CPU.ActiveCfg = Release|Any CPU
		{1C70FE4A-C01E-4B48-A75E-BB8B54BC8F46}.Release|Any CPU.Build.0 = Release|Any CPU
	EndGlobalSection
	GlobalSection(SolutionProperties) = preSolution
		HideSolutionNode = FALSE
	EndGlobalSection
EndGlobal
